
Microsoft Visual Studio Solution File, Format Version 12.00
# Visual Studio Version 16
VisualStudioVersion = 16.0.31205.134
MinimumVisualStudioVersion = 10.0.40219.1
Project("{FAE04EC0-301F-11D3-BF4B-00C04F79EFBC}") = "AuditPOC", "AuditPOC\AuditPOC.csproj", "{F686149D-A7B2-480F-842F-7953121909AF}"
EndProject
Project("{FAE04EC0-301F-11D3-BF4B-00C04F79EFBC}") = "AuditNLog", "AuditNLog\AuditNLog.csproj", "{46C2C2E8-7749-41AF-A0A4-FD5C827E54E0}"
EndProject
Global
	GlobalSection(SolutionConfigurationPlatforms) = preSolution
		Debug|Any CPU = Debug|Any CPU
		Release|Any CPU = Release|Any CPU
	EndGlobalSection
	GlobalSection(ProjectConfigurationPlatforms) = postSolution
		{F686149D-A7B2-480F-842F-7953121909AF}.Debug|Any CPU.ActiveCfg = Debug|Any CPU
		{F686149D-A7B2-480F-842F-7953121909AF}.Debug|Any CPU.Build.0 = Debug|Any CPU
		{F686149D-A7B2-480F-842F-7953121909AF}.Release|Any CPU.ActiveCfg = Release|Any CPU
		{F686149D-A7B2-480F-842F-7953121909AF}.Release|Any CPU.Build.0 = Release|Any CPU
		{46C2C2E8-7749-41AF-A0A4-FD5C827E54E0}.Debug|Any CPU.ActiveCfg = Debug|Any CPU
		{46C2C2E8-7749-41AF-A0A4-FD5C827E54E0}.Debug|Any CPU.Build.0 = Debug|Any CPU
		{46C2C2E8-7749-41AF-A0A4-FD5C827E54E0}.Release|Any CPU.ActiveCfg = Release|Any CPU
		{46C2C2E8-7749-41AF-A0A4-FD5C827E54E0}.Release|Any CPU.Build.0 = Release|Any CPU
	EndGlobalSection
	GlobalSection(SolutionProperties) = preSolution
		HideSolutionNode = FALSE
	EndGlobalSection
	GlobalSection(ExtensibilityGlobals) = postSolution
		SolutionGuid = {EC106C57-4A07-4988-A8B7-B2FA60B2BD88}
	EndGlobalSection
EndGlobal
